{
  "name": "ajs-nodejs",
  "version": "1.0.0",
  "lockfileVersion": 1,
  "requires": true,
  "dependencies": {
    "@wandererdl2017/ajs": {
      "version": "1.0.0",
      "resolved": "https://npm.pkg.github.com/download/@wandererdl2017/ajs/1.0.0/702211bcfa82882a641d6d620e7539baf83c2d5193875702b6c3fcd962adfb1d",
      "integrity": "sha512-q71p4A3HB+VBg+IK1erfYFZDLeraol9cHtjmeBEkET3w0sCj2ZJBAtO6r3DldJmSljPutN73nBM1SHiLKvkcsw==",
      "dev": true
    }
  }
}
